
Microsoft Visual Studio Solution File, Format Version 12.00
# Visual Studio Version 17
VisualStudioVersion = 17.0.31903.59
MinimumVisualStudioVersion = 10.0.40219.1
Project("{9A19103F-16F7-4668-BE54-9A1E7A4F7556}") = "BlazorApp1.Server", "BlazorApp1\Server\BlazorApp1.Server.csproj", "{CE39A310-19D6-4078-B21E-04082DD7C98E}"
EndProject
Project("{9A19103F-16F7-4668-BE54-9A1E7A4F7556}") = "BlazorApp1.Client", "BlazorApp1\Client\BlazorApp1.Client.csproj", "{D5FEE117-0699-4225-BA2B-32E45F1668C4}"
EndProject
Project("{9A19103F-16F7-4668-BE54-9A1E7A4F7556}") = "BlazorApp1.Shared", "BlazorApp1\Shared\BlazorApp1.Shared.csproj", "{658BCBC8-600C-4F26-AEF8-E01D099142FD}"
EndProject
Project("{9A19103F-16F7-4668-BE54-9A1E7A4F7556}") = "BlazorApp1.Client.UnitTests", "BlazorApp1.Client.UnitTests\BlazorApp1.Client.UnitTests.csproj", "{190774C9-B1A0-4B83-8493-18C9227806AB}"
EndProject
Project("{FAE04EC0-301F-11D3-BF4B-00C04F79EFBC}") = "BlazorApp1.Server.IntegrationTests", "BlazorApp1.Server.IntegrationTests\BlazorApp1.Server.IntegrationTests.csproj", "{0AE9146E-1C4D-48E3-B019-D45906811970}"
EndProject
Global
	GlobalSection(SolutionConfigurationPlatforms) = preSolution
		Debug|Any CPU = Debug|Any CPU
		Release|Any CPU = Release|Any CPU
	EndGlobalSection
	GlobalSection(ProjectConfigurationPlatforms) = postSolution
		{CE39A310-19D6-4078-B21E-04082DD7C98E}.Debug|Any CPU.ActiveCfg = Debug|Any CPU
		{CE39A310-19D6-4078-B21E-04082DD7C98E}.Debug|Any CPU.Build.0 = Debug|Any CPU
		{CE39A310-19D6-4078-B21E-04082DD7C98E}.Release|Any CPU.ActiveCfg = Release|Any CPU
		{CE39A310-19D6-4078-B21E-04082DD7C98E}.Release|Any CPU.Build.0 = Release|Any CPU
		{D5FEE117-0699-4225-BA2B-32E45F1668C4}.Debug|Any CPU.ActiveCfg = Debug|Any CPU
		{D5FEE117-0699-4225-BA2B-32E45F1668C4}.Debug|Any CPU.Build.0 = Debug|Any CPU
		{D5FEE117-0699-4225-BA2B-32E45F1668C4}.Release|Any CPU.ActiveCfg = Release|Any CPU
		{D5FEE117-0699-4225-BA2B-32E45F1668C4}.Release|Any CPU.Build.0 = Release|Any CPU
		{658BCBC8-600C-4F26-AEF8-E01D099142FD}.Debug|Any CPU.ActiveCfg = Debug|Any CPU
		{658BCBC8-600C-4F26-AEF8-E01D099142FD}.Debug|Any CPU.Build.0 = Debug|Any CPU
		{658BCBC8-600C-4F26-AEF8-E01D099142FD}.Release|Any CPU.ActiveCfg = Release|Any CPU
		{658BCBC8-600C-4F26-AEF8-E01D099142FD}.Release|Any CPU.Build.0 = Release|Any CPU
		{190774C9-B1A0-4B83-8493-18C9227806AB}.Debug|Any CPU.ActiveCfg = Debug|Any CPU
		{190774C9-B1A0-4B83-8493-18C9227806AB}.Debug|Any CPU.Build.0 = Debug|Any CPU
		{190774C9-B1A0-4B83-8493-18C9227806AB}.Release|Any CPU.ActiveCfg = Release|Any CPU
		{190774C9-B1A0-4B83-8493-18C9227806AB}.Release|Any CPU.Build.0 = Release|Any CPU
		{0AE9146E-1C4D-48E3-B019-D45906811970}.Debug|Any CPU.ActiveCfg = Debug|Any CPU
		{0AE9146E-1C4D-48E3-B019-D45906811970}.Debug|Any CPU.Build.0 = Debug|Any CPU
		{0AE9146E-1C4D-48E3-B019-D45906811970}.Release|Any CPU.ActiveCfg = Release|Any CPU
		{0AE9146E-1C4D-48E3-B019-D45906811970}.Release|Any CPU.Build.0 = Release|Any CPU
	EndGlobalSection
	GlobalSection(SolutionProperties) = preSolution
		HideSolutionNode = FALSE
	EndGlobalSection
	GlobalSection(ExtensibilityGlobals) = postSolution
		SolutionGuid = {D391693F-2F54-4670-A671-932FEE90FB72}
	EndGlobalSection
EndGlobal
