
Microsoft Visual Studio Solution File, Format Version 12.00
# Visual Studio Version 17
VisualStudioVersion = 17.0.31903.59
MinimumVisualStudioVersion = 10.0.40219.1
Project("{9A19103F-16F7-4668-BE54-9A1E7A4F7556}") = "MoneyManager.Server", "src\Server\MoneyManager.Server.csproj", "{CE39A310-19D6-4078-B21E-04082DD7C98E}"
EndProject
Project("{9A19103F-16F7-4668-BE54-9A1E7A4F7556}") = "MoneyManager.Client", "src\UI\Client\MoneyManager.Client.csproj", "{D5FEE117-0699-4225-BA2B-32E45F1668C4}"
EndProject
Project("{9A19103F-16F7-4668-BE54-9A1E7A4F7556}") = "MoneyManager.Shared", "src\Shared\MoneyManager.Shared.csproj", "{658BCBC8-600C-4F26-AEF8-E01D099142FD}"
EndProject
Project("{9A19103F-16F7-4668-BE54-9A1E7A4F7556}") = "MoneyManager.Client.UnitTests", "test\MoneyManager.Client.UnitTests\MoneyManager.Client.UnitTests.csproj", "{190774C9-B1A0-4B83-8493-18C9227806AB}"
	ProjectSection(ProjectDependencies) = postProject
		{D5FEE117-0699-4225-BA2B-32E45F1668C4} = {D5FEE117-0699-4225-BA2B-32E45F1668C4}
		{658BCBC8-600C-4F26-AEF8-E01D099142FD} = {658BCBC8-600C-4F26-AEF8-E01D099142FD}
	EndProjectSection
EndProject
Project("{9A19103F-16F7-4668-BE54-9A1E7A4F7556}") = "MoneyManager.Server.IntegrationTests", "test\MoneyManager.Server.IntegrationTests\MoneyManager.Server.IntegrationTests.csproj", "{0AE9146E-1C4D-48E3-B019-D45906811970}"
	ProjectSection(ProjectDependencies) = postProject
		{CE39A310-19D6-4078-B21E-04082DD7C98E} = {CE39A310-19D6-4078-B21E-04082DD7C98E}
		{658BCBC8-600C-4F26-AEF8-E01D099142FD} = {658BCBC8-600C-4F26-AEF8-E01D099142FD}
	EndProjectSection
EndProject
Project("{2150E333-8FDC-42A3-9474-1A3956D46DE8}") = "test", "test", "{BDDC7ADE-778B-48F2-893E-E23A8E29B832}"
EndProject
Project("{2150E333-8FDC-42A3-9474-1A3956D46DE8}") = "src", "src", "{A959911C-A873-4D77-BB96-0F2D1CDCE760}"
EndProject
Project("{2150E333-8FDC-42A3-9474-1A3956D46DE8}") = "UI", "UI", "{D9020881-6A40-415B-B25A-F4A90DF89C1F}"
EndProject
Project("{2150E333-8FDC-42A3-9474-1A3956D46DE8}") = "Core", "Core", "{320DEFFE-80E7-4A00-B548-43B101AB3D98}"
EndProject
Project("{9A19103F-16F7-4668-BE54-9A1E7A4F7556}") = "MoneyManager.Application", "src\Core\MoneyManager.Application\MoneyManager.Application.csproj", "{A4ACD33E-7C5D-4764-82C7-ADF237F00D8D}"
EndProject
Project("{9A19103F-16F7-4668-BE54-9A1E7A4F7556}") = "MoneyManager.Domain", "src\Core\MoneyManager.Domain\MoneyManager.Domain.csproj", "{DC53286C-8506-4A3D-BCAA-989BA11BD1D9}"
EndProject
Project("{2150E333-8FDC-42A3-9474-1A3956D46DE8}") = "Infractructure", "Infractructure", "{5829DA09-BF8F-492D-BFC6-01325989183D}"
EndProject
Project("{9A19103F-16F7-4668-BE54-9A1E7A4F7556}") = "MoneyManager.Infractructure", "src\Infrastructure\MoneyManager.Infractructure\MoneyManager.Infractructure.csproj", "{A37D761B-CCB6-4B53-920A-9631F2556A59}"
EndProject
Project("{2150E333-8FDC-42A3-9474-1A3956D46DE8}") = "API", "API", "{731B90CD-E410-410B-9FC1-D9B0F7FABFB7}"
EndProject
Project("{FAE04EC0-301F-11D3-BF4B-00C04F79EFBC}") = "MoneyManager.BaseAPI", "src\API\MoneyManager.BaseAPI\MoneyManager.BaseAPI.csproj", "{3B533F60-AEBB-436C-AF5F-99866EC715C8}"
EndProject
Project("{2150E333-8FDC-42A3-9474-1A3956D46DE8}") = "Solution Items", "Solution Items", "{93AA2431-709D-4E00-B4E1-9C64059E02AB}"
	ProjectSection(SolutionItems) = preProject
		.gitignore = .gitignore
	EndProjectSection
EndProject
Global
	GlobalSection(SolutionConfigurationPlatforms) = preSolution
		Debug|Any CPU = Debug|Any CPU
		Release|Any CPU = Release|Any CPU
	EndGlobalSection
	GlobalSection(ProjectConfigurationPlatforms) = postSolution
		{CE39A310-19D6-4078-B21E-04082DD7C98E}.Debug|Any CPU.ActiveCfg = Debug|Any CPU
		{CE39A310-19D6-4078-B21E-04082DD7C98E}.Debug|Any CPU.Build.0 = Debug|Any CPU
		{CE39A310-19D6-4078-B21E-04082DD7C98E}.Release|Any CPU.ActiveCfg = Release|Any CPU
		{CE39A310-19D6-4078-B21E-04082DD7C98E}.Release|Any CPU.Build.0 = Release|Any CPU
		{D5FEE117-0699-4225-BA2B-32E45F1668C4}.Debug|Any CPU.ActiveCfg = Debug|Any CPU
		{D5FEE117-0699-4225-BA2B-32E45F1668C4}.Debug|Any CPU.Build.0 = Debug|Any CPU
		{D5FEE117-0699-4225-BA2B-32E45F1668C4}.Release|Any CPU.ActiveCfg = Release|Any CPU
		{D5FEE117-0699-4225-BA2B-32E45F1668C4}.Release|Any CPU.Build.0 = Release|Any CPU
		{658BCBC8-600C-4F26-AEF8-E01D099142FD}.Debug|Any CPU.ActiveCfg = Debug|Any CPU
		{658BCBC8-600C-4F26-AEF8-E01D099142FD}.Debug|Any CPU.Build.0 = Debug|Any CPU
		{658BCBC8-600C-4F26-AEF8-E01D099142FD}.Release|Any CPU.ActiveCfg = Release|Any CPU
		{658BCBC8-600C-4F26-AEF8-E01D099142FD}.Release|Any CPU.Build.0 = Release|Any CPU
		{190774C9-B1A0-4B83-8493-18C9227806AB}.Debug|Any CPU.ActiveCfg = Debug|Any CPU
		{190774C9-B1A0-4B83-8493-18C9227806AB}.Debug|Any CPU.Build.0 = Debug|Any CPU
		{190774C9-B1A0-4B83-8493-18C9227806AB}.Release|Any CPU.ActiveCfg = Release|Any CPU
		{190774C9-B1A0-4B83-8493-18C9227806AB}.Release|Any CPU.Build.0 = Release|Any CPU
		{0AE9146E-1C4D-48E3-B019-D45906811970}.Debug|Any CPU.ActiveCfg = Debug|Any CPU
		{0AE9146E-1C4D-48E3-B019-D45906811970}.Debug|Any CPU.Build.0 = Debug|Any CPU
		{0AE9146E-1C4D-48E3-B019-D45906811970}.Release|Any CPU.ActiveCfg = Release|Any CPU
		{0AE9146E-1C4D-48E3-B019-D45906811970}.Release|Any CPU.Build.0 = Release|Any CPU
		{A4ACD33E-7C5D-4764-82C7-ADF237F00D8D}.Debug|Any CPU.ActiveCfg = Debug|Any CPU
		{A4ACD33E-7C5D-4764-82C7-ADF237F00D8D}.Debug|Any CPU.Build.0 = Debug|Any CPU
		{A4ACD33E-7C5D-4764-82C7-ADF237F00D8D}.Release|Any CPU.ActiveCfg = Release|Any CPU
		{A4ACD33E-7C5D-4764-82C7-ADF237F00D8D}.Release|Any CPU.Build.0 = Release|Any CPU
		{DC53286C-8506-4A3D-BCAA-989BA11BD1D9}.Debug|Any CPU.ActiveCfg = Debug|Any CPU
		{DC53286C-8506-4A3D-BCAA-989BA11BD1D9}.Debug|Any CPU.Build.0 = Debug|Any CPU
		{DC53286C-8506-4A3D-BCAA-989BA11BD1D9}.Release|Any CPU.ActiveCfg = Release|Any CPU
		{DC53286C-8506-4A3D-BCAA-989BA11BD1D9}.Release|Any CPU.Build.0 = Release|Any CPU
		{A37D761B-CCB6-4B53-920A-9631F2556A59}.Debug|Any CPU.ActiveCfg = Debug|Any CPU
		{A37D761B-CCB6-4B53-920A-9631F2556A59}.Debug|Any CPU.Build.0 = Debug|Any CPU
		{A37D761B-CCB6-4B53-920A-9631F2556A59}.Release|Any CPU.ActiveCfg = Release|Any CPU
		{A37D761B-CCB6-4B53-920A-9631F2556A59}.Release|Any CPU.Build.0 = Release|Any CPU
		{3B533F60-AEBB-436C-AF5F-99866EC715C8}.Debug|Any CPU.ActiveCfg = Debug|Any CPU
		{3B533F60-AEBB-436C-AF5F-99866EC715C8}.Debug|Any CPU.Build.0 = Debug|Any CPU
		{3B533F60-AEBB-436C-AF5F-99866EC715C8}.Release|Any CPU.ActiveCfg = Release|Any CPU
		{3B533F60-AEBB-436C-AF5F-99866EC715C8}.Release|Any CPU.Build.0 = Release|Any CPU
	EndGlobalSection
	GlobalSection(SolutionProperties) = preSolution
		HideSolutionNode = FALSE
	EndGlobalSection
	GlobalSection(NestedProjects) = preSolution
		{CE39A310-19D6-4078-B21E-04082DD7C98E} = {A959911C-A873-4D77-BB96-0F2D1CDCE760}
		{D5FEE117-0699-4225-BA2B-32E45F1668C4} = {D9020881-6A40-415B-B25A-F4A90DF89C1F}
		{658BCBC8-600C-4F26-AEF8-E01D099142FD} = {A959911C-A873-4D77-BB96-0F2D1CDCE760}
		{190774C9-B1A0-4B83-8493-18C9227806AB} = {BDDC7ADE-778B-48F2-893E-E23A8E29B832}
		{0AE9146E-1C4D-48E3-B019-D45906811970} = {BDDC7ADE-778B-48F2-893E-E23A8E29B832}
		{D9020881-6A40-415B-B25A-F4A90DF89C1F} = {A959911C-A873-4D77-BB96-0F2D1CDCE760}
		{320DEFFE-80E7-4A00-B548-43B101AB3D98} = {A959911C-A873-4D77-BB96-0F2D1CDCE760}
		{A4ACD33E-7C5D-4764-82C7-ADF237F00D8D} = {320DEFFE-80E7-4A00-B548-43B101AB3D98}
		{DC53286C-8506-4A3D-BCAA-989BA11BD1D9} = {320DEFFE-80E7-4A00-B548-43B101AB3D98}
		{5829DA09-BF8F-492D-BFC6-01325989183D} = {A959911C-A873-4D77-BB96-0F2D1CDCE760}
		{A37D761B-CCB6-4B53-920A-9631F2556A59} = {5829DA09-BF8F-492D-BFC6-01325989183D}
		{731B90CD-E410-410B-9FC1-D9B0F7FABFB7} = {A959911C-A873-4D77-BB96-0F2D1CDCE760}
		{3B533F60-AEBB-436C-AF5F-99866EC715C8} = {731B90CD-E410-410B-9FC1-D9B0F7FABFB7}
	EndGlobalSection
	GlobalSection(ExtensibilityGlobals) = postSolution
		SolutionGuid = {D391693F-2F54-4670-A671-932FEE90FB72}
	EndGlobalSection
EndGlobal
